
Microsoft Visual Studio Solution File, Format Version 12.00
# Visual Studio 15
VisualStudioVersion = 15.0.28307.1082
MinimumVisualStudioVersion = 10.0.40219.1
Project("{FAE04EC0-301F-11D3-BF4B-00C04F79EFBC}") = "24_PA9_Raul", "24_PA9_Raul\24_PA9_Raul.csproj", "{FFCDD350-34F5-418F-96F2-8B9895C31FF9}"
EndProject
Global
	GlobalSection(SolutionConfigurationPlatforms) = preSolution
		Debug|Any CPU = Debug|Any CPU
		Release|Any CPU = Release|Any CPU
	EndGlobalSection
	GlobalSection(ProjectConfigurationPlatforms) = postSolution
		{FFCDD350-34F5-418F-96F2-8B9895C31FF9}.Debug|Any CPU.ActiveCfg = Debug|Any CPU
		{FFCDD350-34F5-418F-96F2-8B9895C31FF9}.Debug|Any CPU.Build.0 = Debug|Any CPU
		{FFCDD350-34F5-418F-96F2-8B9895C31FF9}.Release|Any CPU.ActiveCfg = Release|Any CPU
		{FFCDD350-34F5-418F-96F2-8B9895C31FF9}.Release|Any CPU.Build.0 = Release|Any CPU
	EndGlobalSection
	GlobalSection(SolutionProperties) = preSolution
		HideSolutionNode = FALSE
	EndGlobalSection
	GlobalSection(ExtensibilityGlobals) = postSolution
		SolutionGuid = {C3CC6FD7-C78F-403E-A89F-B9B6C4B7EAA3}
	EndGlobalSection
EndGlobal
